
Microsoft Visual Studio Solution File, Format Version 12.00
# Visual Studio 15
VisualStudioVersion = 15.0.27004.2002
MinimumVisualStudioVersion = 10.0.40219.1
Project("{FAE04EC0-301F-11D3-BF4B-00C04F79EFBC}") = "UnitTesting", "UnitTesting\UnitTesting.csproj", "{340E5D48-3E8B-40D7-91A5-BF517EE5AB14}"
EndProject
Project("{FAE04EC0-301F-11D3-BF4B-00C04F79EFBC}") = "UnitTestingTests", "UnitTestingTests\UnitTestingTests.csproj", "{95C1A199-F529-4D8A-91EC-50B919E672A4}"
EndProject
Global
	GlobalSection(SolutionConfigurationPlatforms) = preSolution
		Debug|Any CPU = Debug|Any CPU
		Release|Any CPU = Release|Any CPU
	EndGlobalSection
	GlobalSection(ProjectConfigurationPlatforms) = postSolution
		{340E5D48-3E8B-40D7-91A5-BF517EE5AB14}.Debug|Any CPU.ActiveCfg = Debug|Any CPU
		{340E5D48-3E8B-40D7-91A5-BF517EE5AB14}.Debug|Any CPU.Build.0 = Debug|Any CPU
		{340E5D48-3E8B-40D7-91A5-BF517EE5AB14}.Release|Any CPU.ActiveCfg = Release|Any CPU
		{340E5D48-3E8B-40D7-91A5-BF517EE5AB14}.Release|Any CPU.Build.0 = Release|Any CPU
		{95C1A199-F529-4D8A-91EC-50B919E672A4}.Debug|Any CPU.ActiveCfg = Debug|Any CPU
		{95C1A199-F529-4D8A-91EC-50B919E672A4}.Debug|Any CPU.Build.0 = Debug|Any CPU
		{95C1A199-F529-4D8A-91EC-50B919E672A4}.Release|Any CPU.ActiveCfg = Release|Any CPU
		{95C1A199-F529-4D8A-91EC-50B919E672A4}.Release|Any CPU.Build.0 = Release|Any CPU
	EndGlobalSection
	GlobalSection(SolutionProperties) = preSolution
		HideSolutionNode = FALSE
	EndGlobalSection
	GlobalSection(ExtensibilityGlobals) = postSolution
		SolutionGuid = {8BD17417-2105-4F63-899F-19ECA5F76E13}
	EndGlobalSection
EndGlobal
